
Microsoft Visual Studio Solution File, Format Version 12.00
# Visual Studio Version 17
VisualStudioVersion = 17.1.32328.378
MinimumVisualStudioVersion = 10.0.40219.1
Project("{9A19103F-16F7-4668-BE54-9A1E7A4F7556}") = "Dept.OpenAir.Api", "Dept.OpenAir.Api\Dept.OpenAir.Api.csproj", "{E8D545DE-F15F-416B-AB44-39C9B7F3DF91}"
EndProject
Project("{9A19103F-16F7-4668-BE54-9A1E7A4F7556}") = "Dept.OpenAir.IntegrationTests", "Dept.OpenAir.IntegrationTests\Dept.OpenAir.IntegrationTests.csproj", "{02AA8714-A4F7-4EC6-BCC5-7C1BA1A3CD2D}"
EndProject
Project("{FAE04EC0-301F-11D3-BF4B-00C04F79EFBC}") = "Dept.OpenAir.Web", "Dept.OpenAir.Web\Dept.OpenAir.Web.csproj", "{C4315701-0CCC-4440-9DFA-42D939F32A6E}"
EndProject
Project("{FAE04EC0-301F-11D3-BF4B-00C04F79EFBC}") = "Dept.OpenAir.Common", "Dept.OpenAir.Common\Dept.OpenAir.Common.csproj", "{522AE403-9AC1-4992-A9CA-6ADD8FE8A1D7}"
EndProject
Global
	GlobalSection(SolutionConfigurationPlatforms) = preSolution
		Debug|Any CPU = Debug|Any CPU
		Release|Any CPU = Release|Any CPU
	EndGlobalSection
	GlobalSection(ProjectConfigurationPlatforms) = postSolution
		{E8D545DE-F15F-416B-AB44-39C9B7F3DF91}.Debug|Any CPU.ActiveCfg = Debug|Any CPU
		{E8D545DE-F15F-416B-AB44-39C9B7F3DF91}.Debug|Any CPU.Build.0 = Debug|Any CPU
		{E8D545DE-F15F-416B-AB44-39C9B7F3DF91}.Release|Any CPU.ActiveCfg = Release|Any CPU
		{E8D545DE-F15F-416B-AB44-39C9B7F3DF91}.Release|Any CPU.Build.0 = Release|Any CPU
		{02AA8714-A4F7-4EC6-BCC5-7C1BA1A3CD2D}.Debug|Any CPU.ActiveCfg = Debug|Any CPU
		{02AA8714-A4F7-4EC6-BCC5-7C1BA1A3CD2D}.Debug|Any CPU.Build.0 = Debug|Any CPU
		{02AA8714-A4F7-4EC6-BCC5-7C1BA1A3CD2D}.Release|Any CPU.ActiveCfg = Release|Any CPU
		{02AA8714-A4F7-4EC6-BCC5-7C1BA1A3CD2D}.Release|Any CPU.Build.0 = Release|Any CPU
		{C4315701-0CCC-4440-9DFA-42D939F32A6E}.Debug|Any CPU.ActiveCfg = Debug|Any CPU
		{C4315701-0CCC-4440-9DFA-42D939F32A6E}.Debug|Any CPU.Build.0 = Debug|Any CPU
		{C4315701-0CCC-4440-9DFA-42D939F32A6E}.Release|Any CPU.ActiveCfg = Release|Any CPU
		{C4315701-0CCC-4440-9DFA-42D939F32A6E}.Release|Any CPU.Build.0 = Release|Any CPU
		{522AE403-9AC1-4992-A9CA-6ADD8FE8A1D7}.Debug|Any CPU.ActiveCfg = Debug|Any CPU
		{522AE403-9AC1-4992-A9CA-6ADD8FE8A1D7}.Debug|Any CPU.Build.0 = Debug|Any CPU
		{522AE403-9AC1-4992-A9CA-6ADD8FE8A1D7}.Release|Any CPU.ActiveCfg = Release|Any CPU
		{522AE403-9AC1-4992-A9CA-6ADD8FE8A1D7}.Release|Any CPU.Build.0 = Release|Any CPU
	EndGlobalSection
	GlobalSection(SolutionProperties) = preSolution
		HideSolutionNode = FALSE
	EndGlobalSection
	GlobalSection(ExtensibilityGlobals) = postSolution
		SolutionGuid = {D6A60C6F-56EC-4FC8-AD59-E0F8A8DE5463}
	EndGlobalSection
EndGlobal
